
Microsoft Visual Studio Solution File, Format Version 12.00
# Visual Studio Version 16
VisualStudioVersion = 16.0.29920.165
MinimumVisualStudioVersion = 10.0.40219.1
Project("{FAE04EC0-301F-11D3-BF4B-00C04F79EFBC}") = "XelParser", "XelParser.csproj", "{5116AFFD-6A1B-416F-85E7-5CCACF1AE930}"
EndProject
Global
	GlobalSection(SolutionConfigurationPlatforms) = preSolution
		Debug|Any CPU = Debug|Any CPU
		Release|Any CPU = Release|Any CPU
	EndGlobalSection
	GlobalSection(ProjectConfigurationPlatforms) = postSolution
		{5116AFFD-6A1B-416F-85E7-5CCACF1AE930}.Debug|Any CPU.ActiveCfg = Debug|Any CPU
		{5116AFFD-6A1B-416F-85E7-5CCACF1AE930}.Debug|Any CPU.Build.0 = Debug|Any CPU
		{5116AFFD-6A1B-416F-85E7-5CCACF1AE930}.Release|Any CPU.ActiveCfg = Release|Any CPU
		{5116AFFD-6A1B-416F-85E7-5CCACF1AE930}.Release|Any CPU.Build.0 = Release|Any CPU
	EndGlobalSection
	GlobalSection(SolutionProperties) = preSolution
		HideSolutionNode = FALSE
	EndGlobalSection
	GlobalSection(ExtensibilityGlobals) = postSolution
		SolutionGuid = {96CBF1A0-36E7-4346-88DB-0AF6E1249BF1}
	EndGlobalSection
EndGlobal
